
Microsoft Visual Studio Solution File, Format Version 12.00
# Visual Studio Version 16
VisualStudioVersion = 16.0.29509.3
MinimumVisualStudioVersion = 10.0.40219.1
Project("{FAE04EC0-301F-11D3-BF4B-00C04F79EFBC}") = "Tamagotchi_DannyVerdel", "Tamagotchi_DannyVerdel\Tamagotchi_DannyVerdel.csproj", "{8B83618F-8AA7-41E5-AA58-E4F3673DEEC0}"
EndProject
Global
	GlobalSection(SolutionConfigurationPlatforms) = preSolution
		Debug|Any CPU = Debug|Any CPU
		Release|Any CPU = Release|Any CPU
	EndGlobalSection
	GlobalSection(ProjectConfigurationPlatforms) = postSolution
		{8B83618F-8AA7-41E5-AA58-E4F3673DEEC0}.Debug|Any CPU.ActiveCfg = Debug|Any CPU
		{8B83618F-8AA7-41E5-AA58-E4F3673DEEC0}.Debug|Any CPU.Build.0 = Debug|Any CPU
		{8B83618F-8AA7-41E5-AA58-E4F3673DEEC0}.Release|Any CPU.ActiveCfg = Release|Any CPU
		{8B83618F-8AA7-41E5-AA58-E4F3673DEEC0}.Release|Any CPU.Build.0 = Release|Any CPU
	EndGlobalSection
	GlobalSection(SolutionProperties) = preSolution
		HideSolutionNode = FALSE
	EndGlobalSection
	GlobalSection(ExtensibilityGlobals) = postSolution
		SolutionGuid = {4434CCCC-4C4F-4224-8B75-8AB45F02EAA4}
	EndGlobalSection
EndGlobal
